
Microsoft Visual Studio Solution File, Format Version 12.00
# Visual Studio Version 16
VisualStudioVersion = 16.0.33927.289
MinimumVisualStudioVersion = 10.0.40219.1
Project("{FAE04EC0-301F-11D3-BF4B-00C04F79EFBC}") = "Tyuiu.AleevRI.Sprint5.Task0.V11", "Tyuiu.AleevRI.Sprint5.Task0.V11\Tyuiu.AleevRI.Sprint5.Task0.V11.csproj", "{0EFC863B-D229-46F2-A2E2-D82EECDAA73D}"
EndProject
Project("{2150E333-8FDC-42A3-9474-1A3956D46DE8}") = "Task0", "Task0", "{DEBC63B4-3A13-4B2D-BC7E-C3FFACBE2F92}"
EndProject
Project("{FAE04EC0-301F-11D3-BF4B-00C04F79EFBC}") = "Tyuiu.AleevRI.Sprint5.Task0.V11.Lib", "Tyuiu.AleevRI.Sprint5.Task0.V11.Lib\Tyuiu.AleevRI.Sprint5.Task0.V11.Lib.csproj", "{67519446-59E7-40D2-B5E7-4AC3D5A7AD73}"
EndProject
Project("{FAE04EC0-301F-11D3-BF4B-00C04F79EFBC}") = "Tyuiu.AleevRI.Sprint5.Task0.V11.Test", "Tyuiu.AleevRI.Sprint5.Task0.V11.Test\Tyuiu.AleevRI.Sprint5.Task0.V11.Test.csproj", "{5C5B79FD-CA07-4A84-B7B3-3D34D04C38E4}"
EndProject
Project("{2150E333-8FDC-42A3-9474-1A3956D46DE8}") = "Task1", "Task1", "{51F9A39B-BAC5-4F60-B6F8-E09FD4AB08BD}"
EndProject
Project("{FAE04EC0-301F-11D3-BF4B-00C04F79EFBC}") = "Tyuiu.AleevRI.Sprint5.Task1.V19", "Tyuiu.AleevRI.Sprint5.Task1.V19\Tyuiu.AleevRI.Sprint5.Task1.V19.csproj", "{BB981AB1-4C7B-4B6B-9CDE-6D0746C452A5}"
EndProject
Project("{FAE04EC0-301F-11D3-BF4B-00C04F79EFBC}") = "Tyuiu.AleevRI.Sprint5.Task1.V19.Lib", "Tyuiu.AleevRI.Sprint5.Task1.V19.Lib\Tyuiu.AleevRI.Sprint5.Task1.V19.Lib.csproj", "{22E72F72-40DB-4C48-9066-D35F069D0A2B}"
EndProject
Project("{FAE04EC0-301F-11D3-BF4B-00C04F79EFBC}") = "Tyuiu.AleevRI.Sprint5.Task1.V19.Test", "Tyuiu.AleevRI.Sprint5.Task1.V19.Test\Tyuiu.AleevRI.Sprint5.Task1.V19.Test.csproj", "{493AA406-B7CB-41B9-91EA-0AD25DCA46A9}"
EndProject
Project("{2150E333-8FDC-42A3-9474-1A3956D46DE8}") = "Task2", "Task2", "{B6DA1E80-BE89-41AE-8574-5C97296BACBA}"
EndProject
Project("{FAE04EC0-301F-11D3-BF4B-00C04F79EFBC}") = "Tyuiu.AleevRI.Sprint5.Task2.V18", "Tyuiu.AleevRI.Sprint5.Task2.V18\Tyuiu.AleevRI.Sprint5.Task2.V18.csproj", "{231AD81E-400F-462C-AC5B-1F151FB96E60}"
EndProject
Project("{FAE04EC0-301F-11D3-BF4B-00C04F79EFBC}") = "Tyuiu.AleevRI.Sprint5.Task2.V18.Lib", "Tyuiu.AleevRI.Sprint5.Task2.V18.Lib\Tyuiu.AleevRI.Sprint5.Task2.V18.Lib.csproj", "{4DAA11A6-8C79-43F9-889C-6E1CE9AAAECF}"
EndProject
Project("{FAE04EC0-301F-11D3-BF4B-00C04F79EFBC}") = "Tyuiu.AleevRI.Sprint5.Task2.V18.Test", "Tyuiu.AleevRI.Sprint5.Task2.V18.Test\Tyuiu.AleevRI.Sprint5.Task2.V18.Test.csproj", "{C8E2163B-14E0-424A-9D14-EC6FF38C30A2}"
EndProject
Project("{2150E333-8FDC-42A3-9474-1A3956D46DE8}") = "Task3", "Task3", "{7E29E9A4-D8F9-43C2-8B8C-2469549F124F}"
EndProject
Project("{FAE04EC0-301F-11D3-BF4B-00C04F79EFBC}") = "Tyuiu.AleevRI.Sprint5.Task3.V26", "Tyuiu.AleevRI.Sprint5.Task3.V26\Tyuiu.AleevRI.Sprint5.Task3.V26.csproj", "{110DD074-3504-47FD-92D3-020E134C0CE0}"
EndProject
Project("{FAE04EC0-301F-11D3-BF4B-00C04F79EFBC}") = "Tyuiu.AleevRI.Sprint5.Task3.V26.Lib", "Tyuiu.AleevRI.Sprint5.Task3.V26.Lib\Tyuiu.AleevRI.Sprint5.Task3.V26.Lib.csproj", "{DFF7C84B-80E1-46FE-80B8-F58D8B58F8A6}"
EndProject
Project("{FAE04EC0-301F-11D3-BF4B-00C04F79EFBC}") = "Tyuiu.AleevRI.Sprint5.Task3.V26.Test", "Tyuiu.AleevRI.Sprint5.Task3.V26.Test\Tyuiu.AleevRI.Sprint5.Task3.V26.Test.csproj", "{A7506355-4A35-474B-8782-F057FE6932D0}"
EndProject
Project("{2150E333-8FDC-42A3-9474-1A3956D46DE8}") = "Task4", "Task4", "{B459CBBF-61E2-400A-9687-50D78356F9DA}"
EndProject
Project("{FAE04EC0-301F-11D3-BF4B-00C04F79EFBC}") = "Tyuiu.AleevRI.Sprint5.Task4.V5", "Tyuiu.AleevRI.Sprint5.Task4.V5\Tyuiu.AleevRI.Sprint5.Task4.V5.csproj", "{255125F6-A260-4726-A34E-C15C6270F489}"
EndProject
Project("{FAE04EC0-301F-11D3-BF4B-00C04F79EFBC}") = "Tyuiu.AleevRI.Sprint5.Task4.V5.Lib", "Tyuiu.AleevRI.Sprint5.Task4.V5.Lib\Tyuiu.AleevRI.Sprint5.Task4.V5.Lib.csproj", "{66C01486-0CDF-4BEF-BD26-CD7BBD985D8B}"
EndProject
Project("{FAE04EC0-301F-11D3-BF4B-00C04F79EFBC}") = "Tyuiu.AleevRI.Sprint5.Task4.V5.Test", "Tyuiu.AleevRI.Sprint5.Task4.V5.Test\Tyuiu.AleevRI.Sprint5.Task4.V5.Test.csproj", "{D11FE88F-08C6-4CC6-9457-038F5F05F45A}"
EndProject
Project("{2150E333-8FDC-42A3-9474-1A3956D46DE8}") = "Task5", "Task5", "{FD1361F7-3EC0-49E6-86FB-99EEC9D98A21}"
EndProject
Project("{FAE04EC0-301F-11D3-BF4B-00C04F79EFBC}") = "Tyuiu.AleevRI.Sprint5.Task5.V23", "Tyuiu.AleevRI.Sprint5.Task5.V23\Tyuiu.AleevRI.Sprint5.Task5.V23.csproj", "{7BEA471E-A738-47E2-9637-2CC62965F76E}"
EndProject
Project("{FAE04EC0-301F-11D3-BF4B-00C04F79EFBC}") = "Tyuiu.AleevRI.Sprint5.Task5.V23.Lib", "Tyuiu.AleevRI.Sprint5.Task5.V23.Lib\Tyuiu.AleevRI.Sprint5.Task5.V23.Lib.csproj", "{C8DA8378-432E-4291-9AC0-74EDF5BC7E5B}"
EndProject
Project("{FAE04EC0-301F-11D3-BF4B-00C04F79EFBC}") = "Tyuiu.AleevRI.Sprint5.Task5.V23.Test", "Tyuiu.AleevRI.Sprint5.Task5.V23.Test\Tyuiu.AleevRI.Sprint5.Task5.V23.Test.csproj", "{89F49B54-3704-4413-AAFC-EFBC2A8E6A09}"
EndProject
Project("{2150E333-8FDC-42A3-9474-1A3956D46DE8}") = "Task6", "Task6", "{576E9E30-CDC8-459F-B1EB-836335A9A1B2}"
EndProject
Project("{FAE04EC0-301F-11D3-BF4B-00C04F79EFBC}") = "Tyuiu.AleevRI.Sprint5.Task6.V11", "Tyuiu.AleevRI.Sprint5.Task6.V11\Tyuiu.AleevRI.Sprint5.Task6.V11.csproj", "{BFD4A224-4A65-41A3-8E53-7060C86F807B}"
EndProject
Project("{FAE04EC0-301F-11D3-BF4B-00C04F79EFBC}") = "Tyuiu.AleevRI.Sprint5.Task6.V11.Lib", "Tyuiu.AleevRI.Sprint5.Task6.V11.Lib\Tyuiu.AleevRI.Sprint5.Task6.V11.Lib.csproj", "{A480BEBC-005E-4DB9-A9AE-7714DD00B74A}"
EndProject
Project("{FAE04EC0-301F-11D3-BF4B-00C04F79EFBC}") = "Tyuiu.AleevRI.Sprint5.Task6.V11.Test", "Tyuiu.AleevRI.Sprint5.Task6.V11.Test\Tyuiu.AleevRI.Sprint5.Task6.V11.Test.csproj", "{18EE08CA-F683-4DBB-9EEC-6FA853D577CC}"
EndProject
Global
	GlobalSection(SolutionConfigurationPlatforms) = preSolution
		Debug|Any CPU = Debug|Any CPU
		Release|Any CPU = Release|Any CPU
	EndGlobalSection
	GlobalSection(ProjectConfigurationPlatforms) = postSolution
		{0EFC863B-D229-46F2-A2E2-D82EECDAA73D}.Debug|Any CPU.ActiveCfg = Debug|Any CPU
		{0EFC863B-D229-46F2-A2E2-D82EECDAA73D}.Debug|Any CPU.Build.0 = Debug|Any CPU
		{0EFC863B-D229-46F2-A2E2-D82EECDAA73D}.Release|Any CPU.ActiveCfg = Release|Any CPU
		{0EFC863B-D229-46F2-A2E2-D82EECDAA73D}.Release|Any CPU.Build.0 = Release|Any CPU
		{67519446-59E7-40D2-B5E7-4AC3D5A7AD73}.Debug|Any CPU.ActiveCfg = Debug|Any CPU
		{67519446-59E7-40D2-B5E7-4AC3D5A7AD73}.Debug|Any CPU.Build.0 = Debug|Any CPU
		{67519446-59E7-40D2-B5E7-4AC3D5A7AD73}.Release|Any CPU.ActiveCfg = Release|Any CPU
		{67519446-59E7-40D2-B5E7-4AC3D5A7AD73}.Release|Any CPU.Build.0 = Release|Any CPU
		{5C5B79FD-CA07-4A84-B7B3-3D34D04C38E4}.Debug|Any CPU.ActiveCfg = Debug|Any CPU
		{5C5B79FD-CA07-4A84-B7B3-3D34D04C38E4}.Debug|Any CPU.Build.0 = Debug|Any CPU
		{5C5B79FD-CA07-4A84-B7B3-3D34D04C38E4}.Release|Any CPU.ActiveCfg = Release|Any CPU
		{5C5B79FD-CA07-4A84-B7B3-3D34D04C38E4}.Release|Any CPU.Build.0 = Release|Any CPU
		{BB981AB1-4C7B-4B6B-9CDE-6D0746C452A5}.Debug|Any CPU.ActiveCfg = Debug|Any CPU
		{BB981AB1-4C7B-4B6B-9CDE-6D0746C452A5}.Debug|Any CPU.Build.0 = Debug|Any CPU
		{BB981AB1-4C7B-4B6B-9CDE-6D0746C452A5}.Release|Any CPU.ActiveCfg = Release|Any CPU
		{BB981AB1-4C7B-4B6B-9CDE-6D0746C452A5}.Release|Any CPU.Build.0 = Release|Any CPU
		{22E72F72-40DB-4C48-9066-D35F069D0A2B}.Debug|Any CPU.ActiveCfg = Debug|Any CPU
		{22E72F72-40DB-4C48-9066-D35F069D0A2B}.Debug|Any CPU.Build.0 = Debug|Any CPU
		{22E72F72-40DB-4C48-9066-D35F069D0A2B}.Release|Any CPU.ActiveCfg = Release|Any CPU
		{22E72F72-40DB-4C48-9066-D35F069D0A2B}.Release|Any CPU.Build.0 = Release|Any CPU
		{493AA406-B7CB-41B9-91EA-0AD25DCA46A9}.Debug|Any CPU.ActiveCfg = Debug|Any CPU
		{493AA406-B7CB-41B9-91EA-0AD25DCA46A9}.Debug|Any CPU.Build.0 = Debug|Any CPU
		{493AA406-B7CB-41B9-91EA-0AD25DCA46A9}.Release|Any CPU.ActiveCfg = Release|Any CPU
		{493AA406-B7CB-41B9-91EA-0AD25DCA46A9}.Release|Any CPU.Build.0 = Release|Any CPU
		{231AD81E-400F-462C-AC5B-1F151FB96E60}.Debug|Any CPU.ActiveCfg = Debug|Any CPU
		{231AD81E-400F-462C-AC5B-1F151FB96E60}.Debug|Any CPU.Build.0 = Debug|Any CPU
		{231AD81E-400F-462C-AC5B-1F151FB96E60}.Release|Any CPU.ActiveCfg = Release|Any CPU
		{231AD81E-400F-462C-AC5B-1F151FB96E60}.Release|Any CPU.Build.0 = Release|Any CPU
		{4DAA11A6-8C79-43F9-889C-6E1CE9AAAECF}.Debug|Any CPU.ActiveCfg = Debug|Any CPU
		{4DAA11A6-8C79-43F9-889C-6E1CE9AAAECF}.Debug|Any CPU.Build.0 = Debug|Any CPU
		{4DAA11A6-8C79-43F9-889C-6E1CE9AAAECF}.Release|Any CPU.ActiveCfg = Release|Any CPU
		{4DAA11A6-8C79-43F9-889C-6E1CE9AAAECF}.Release|Any CPU.Build.0 = Release|Any CPU
		{C8E2163B-14E0-424A-9D14-EC6FF38C30A2}.Debug|Any CPU.ActiveCfg = Debug|Any CPU
		{C8E2163B-14E0-424A-9D14-EC6FF38C30A2}.Debug|Any CPU.Build.0 = Debug|Any CPU
		{C8E2163B-14E0-424A-9D14-EC6FF38C30A2}.Release|Any CPU.ActiveCfg = Release|Any CPU
		{C8E2163B-14E0-424A-9D14-EC6FF38C30A2}.Release|Any CPU.Build.0 = Release|Any CPU
		{110DD074-3504-47FD-92D3-020E134C0CE0}.Debug|Any CPU.ActiveCfg = Debug|Any CPU
		{110DD074-3504-47FD-92D3-020E134C0CE0}.Debug|Any CPU.Build.0 = Debug|Any CPU
		{110DD074-3504-47FD-92D3-020E134C0CE0}.Release|Any CPU.ActiveCfg = Release|Any CPU
		{110DD074-3504-47FD-92D3-020E134C0CE0}.Release|Any CPU.Build.0 = Release|Any CPU
		{DFF7C84B-80E1-46FE-80B8-F58D8B58F8A6}.Debug|Any CPU.ActiveCfg = Debug|Any CPU
		{DFF7C84B-80E1-46FE-80B8-F58D8B58F8A6}.Debug|Any CPU.Build.0 = Debug|Any CPU
		{DFF7C84B-80E1-46FE-80B8-F58D8B58F8A6}.Release|Any CPU.ActiveCfg = Release|Any CPU
		{DFF7C84B-80E1-46FE-80B8-F58D8B58F8A6}.Release|Any CPU.Build.0 = Release|Any CPU
		{A7506355-4A35-474B-8782-F057FE6932D0}.Debug|Any CPU.ActiveCfg = Debug|Any CPU
		{A7506355-4A35-474B-8782-F057FE6932D0}.Debug|Any CPU.Build.0 = Debug|Any CPU
		{A7506355-4A35-474B-8782-F057FE6932D0}.Release|Any CPU.ActiveCfg = Release|Any CPU
		{A7506355-4A35-474B-8782-F057FE6932D0}.Release|Any CPU.Build.0 = Release|Any CPU
		{255125F6-A260-4726-A34E-C15C6270F489}.Debug|Any CPU.ActiveCfg = Debug|Any CPU
		{255125F6-A260-4726-A34E-C15C6270F489}.Debug|Any CPU.Build.0 = Debug|Any CPU
		{255125F6-A260-4726-A34E-C15C6270F489}.Release|Any CPU.ActiveCfg = Release|Any CPU
		{255125F6-A260-4726-A34E-C15C6270F489}.Release|Any CPU.Build.0 = Release|Any CPU
		{66C01486-0CDF-4BEF-BD26-CD7BBD985D8B}.Debug|Any CPU.ActiveCfg = Debug|Any CPU
		{66C01486-0CDF-4BEF-BD26-CD7BBD985D8B}.Debug|Any CPU.Build.0 = Debug|Any CPU
		{66C01486-0CDF-4BEF-BD26-CD7BBD985D8B}.Release|Any CPU.ActiveCfg = Release|Any CPU
		{66C01486-0CDF-4BEF-BD26-CD7BBD985D8B}.Release|Any CPU.Build.0 = Release|Any CPU
		{D11FE88F-08C6-4CC6-9457-038F5F05F45A}.Debug|Any CPU.ActiveCfg = Debug|Any CPU
		{D11FE88F-08C6-4CC6-9457-038F5F05F45A}.Debug|Any CPU.Build.0 = Debug|Any CPU
		{D11FE88F-08C6-4CC6-9457-038F5F05F45A}.Release|Any CPU.ActiveCfg = Release|Any CPU
		{D11FE88F-08C6-4CC6-9457-038F5F05F45A}.Release|Any CPU.Build.0 = Release|Any CPU
		{7BEA471E-A738-47E2-9637-2CC62965F76E}.Debug|Any CPU.ActiveCfg = Debug|Any CPU
		{7BEA471E-A738-47E2-9637-2CC62965F76E}.Debug|Any CPU.Build.0 = Debug|Any CPU
		{7BEA471E-A738-47E2-9637-2CC62965F76E}.Release|Any CPU.ActiveCfg = Release|Any CPU
		{7BEA471E-A738-47E2-9637-2CC62965F76E}.Release|Any CPU.Build.0 = Release|Any CPU
		{C8DA8378-432E-4291-9AC0-74EDF5BC7E5B}.Debug|Any CPU.ActiveCfg = Debug|Any CPU
		{C8DA8378-432E-4291-9AC0-74EDF5BC7E5B}.Debug|Any CPU.Build.0 = Debug|Any CPU
		{C8DA8378-432E-4291-9AC0-74EDF5BC7E5B}.Release|Any CPU.ActiveCfg = Release|Any CPU
		{C8DA8378-432E-4291-9AC0-74EDF5BC7E5B}.Release|Any CPU.Build.0 = Release|Any CPU
		{89F49B54-3704-4413-AAFC-EFBC2A8E6A09}.Debug|Any CPU.ActiveCfg = Debug|Any CPU
		{89F49B54-3704-4413-AAFC-EFBC2A8E6A09}.Debug|Any CPU.Build.0 = Debug|Any CPU
		{89F49B54-3704-4413-AAFC-EFBC2A8E6A09}.Release|Any CPU.ActiveCfg = Release|Any CPU
		{89F49B54-3704-4413-AAFC-EFBC2A8E6A09}.Release|Any CPU.Build.0 = Release|Any CPU
		{BFD4A224-4A65-41A3-8E53-7060C86F807B}.Debug|Any CPU.ActiveCfg = Debug|Any CPU
		{BFD4A224-4A65-41A3-8E53-7060C86F807B}.Debug|Any CPU.Build.0 = Debug|Any CPU
		{BFD4A224-4A65-41A3-8E53-7060C86F807B}.Release|Any CPU.ActiveCfg = Release|Any CPU
		{BFD4A224-4A65-41A3-8E53-7060C86F807B}.Release|Any CPU.Build.0 = Release|Any CPU
		{A480BEBC-005E-4DB9-A9AE-7714DD00B74A}.Debug|Any CPU.ActiveCfg = Debug|Any CPU
		{A480BEBC-005E-4DB9-A9AE-7714DD00B74A}.Debug|Any CPU.Build.0 = Debug|Any CPU
		{A480BEBC-005E-4DB9-A9AE-7714DD00B74A}.Release|Any CPU.ActiveCfg = Release|Any CPU
		{A480BEBC-005E-4DB9-A9AE-7714DD00B74A}.Release|Any CPU.Build.0 = Release|Any CPU
		{18EE08CA-F683-4DBB-9EEC-6FA853D577CC}.Debug|Any CPU.ActiveCfg = Debug|Any CPU
		{18EE08CA-F683-4DBB-9EEC-6FA853D577CC}.Debug|Any CPU.Build.0 = Debug|Any CPU
		{18EE08CA-F683-4DBB-9EEC-6FA853D577CC}.Release|Any CPU.ActiveCfg = Release|Any CPU
		{18EE08CA-F683-4DBB-9EEC-6FA853D577CC}.Release|Any CPU.Build.0 = Release|Any CPU
	EndGlobalSection
	GlobalSection(SolutionProperties) = preSolution
		HideSolutionNode = FALSE
	EndGlobalSection
	GlobalSection(NestedProjects) = preSolution
		{0EFC863B-D229-46F2-A2E2-D82EECDAA73D} = {DEBC63B4-3A13-4B2D-BC7E-C3FFACBE2F92}
		{67519446-59E7-40D2-B5E7-4AC3D5A7AD73} = {DEBC63B4-3A13-4B2D-BC7E-C3FFACBE2F92}
		{5C5B79FD-CA07-4A84-B7B3-3D34D04C38E4} = {DEBC63B4-3A13-4B2D-BC7E-C3FFACBE2F92}
		{BB981AB1-4C7B-4B6B-9CDE-6D0746C452A5} = {51F9A39B-BAC5-4F60-B6F8-E09FD4AB08BD}
		{22E72F72-40DB-4C48-9066-D35F069D0A2B} = {51F9A39B-BAC5-4F60-B6F8-E09FD4AB08BD}
		{493AA406-B7CB-41B9-91EA-0AD25DCA46A9} = {51F9A39B-BAC5-4F60-B6F8-E09FD4AB08BD}
		{231AD81E-400F-462C-AC5B-1F151FB96E60} = {B6DA1E80-BE89-41AE-8574-5C97296BACBA}
		{4DAA11A6-8C79-43F9-889C-6E1CE9AAAECF} = {B6DA1E80-BE89-41AE-8574-5C97296BACBA}
		{C8E2163B-14E0-424A-9D14-EC6FF38C30A2} = {B6DA1E80-BE89-41AE-8574-5C97296BACBA}
		{110DD074-3504-47FD-92D3-020E134C0CE0} = {7E29E9A4-D8F9-43C2-8B8C-2469549F124F}
		{DFF7C84B-80E1-46FE-80B8-F58D8B58F8A6} = {7E29E9A4-D8F9-43C2-8B8C-2469549F124F}
		{A7506355-4A35-474B-8782-F057FE6932D0} = {7E29E9A4-D8F9-43C2-8B8C-2469549F124F}
		{255125F6-A260-4726-A34E-C15C6270F489} = {B459CBBF-61E2-400A-9687-50D78356F9DA}
		{66C01486-0CDF-4BEF-BD26-CD7BBD985D8B} = {B459CBBF-61E2-400A-9687-50D78356F9DA}
		{D11FE88F-08C6-4CC6-9457-038F5F05F45A} = {B459CBBF-61E2-400A-9687-50D78356F9DA}
		{7BEA471E-A738-47E2-9637-2CC62965F76E} = {FD1361F7-3EC0-49E6-86FB-99EEC9D98A21}
		{C8DA8378-432E-4291-9AC0-74EDF5BC7E5B} = {FD1361F7-3EC0-49E6-86FB-99EEC9D98A21}
		{89F49B54-3704-4413-AAFC-EFBC2A8E6A09} = {FD1361F7-3EC0-49E6-86FB-99EEC9D98A21}
		{BFD4A224-4A65-41A3-8E53-7060C86F807B} = {576E9E30-CDC8-459F-B1EB-836335A9A1B2}
		{A480BEBC-005E-4DB9-A9AE-7714DD00B74A} = {576E9E30-CDC8-459F-B1EB-836335A9A1B2}
		{18EE08CA-F683-4DBB-9EEC-6FA853D577CC} = {576E9E30-CDC8-459F-B1EB-836335A9A1B2}
	EndGlobalSection
	GlobalSection(ExtensibilityGlobals) = postSolution
		SolutionGuid = {2C7A33A1-383E-4314-A505-4B0AF1299B0A}
	EndGlobalSection
EndGlobal
